// !$*UTF8*$!
{
	archiveVersion = 1;
	classes = {
	};
	objectVersion = 46;
	objects = {

/* Begin PBXBuildFile section */
		FA010F981E6030F000D759C3 /* Settings.swift in Sources */ = {isa = PBXBuildFile; fileRef = FA010F971E6030F000D759C3 /* Settings.swift */; };
		FA010F9A1E6031B300D759C3 /* SettingsTableViewController.swift in Sources */ = {isa = PBXBuildFile; fileRef = FA010F991E6031B300D759C3 /* SettingsTableViewController.swift */; };
		FA0F568E1FBB27C0008DCEA0 /* FunctionOptionsTableViewController.swift in Sources */ = {isa = PBXBuildFile; fileRef = FA0F568D1FBB27C0008DCEA0 /* FunctionOptionsTableViewController.swift */; };
		FA0F56901FBB2975008DCEA0 /* SelectionTableViewController.swift in Sources */ = {isa = PBXBuildFile; fileRef = FA0F568F1FBB2975008DCEA0 /* SelectionTableViewController.swift */; };
		FA1A9EB01E72FD1C00F48B7F /* ColorSelectionCollectionViewController.swift in Sources */ = {isa = PBXBuildFile; fileRef = FA1A9EAF1E72FD1C00F48B7F /* ColorSelectionCollectionViewController.swift */; };
		FA1EA72923688FC200032A61 /* 70299__kizilsungur__sonar.wav in Resources */ = {isa = PBXBuildFile; fileRef = FA1EA71E23688FC100032A61 /* 70299__kizilsungur__sonar.wav */; };
		FA1EA72A23688FC200032A61 /* 234524__foolboymedia__notification-up-louder.wav in Resources */ = {isa = PBXBuildFile; fileRef = FA1EA71F23688FC100032A61 /* 234524__foolboymedia__notification-up-louder.wav */; };
		FA1EA72B23688FC200032A61 /* 320181__dland__hint.wav in Resources */ = {isa = PBXBuildFile; fileRef = FA1EA72023688FC200032A61 /* 320181__dland__hint.wav */; };
		FA1EA72C23688FC200032A61 /* 80921__justinbw__buttonchime02up.wav in Resources */ = {isa = PBXBuildFile; fileRef = FA1EA72123688FC200032A61 /* 80921__justinbw__buttonchime02up.wav */; };
		FA1EA72D23688FC200032A61 /* 221359__melliug__newmessage.mp3 in Resources */ = {isa = PBXBuildFile; fileRef = FA1EA72223688FC200032A61 /* 221359__melliug__newmessage.mp3 */; };
		FA1EA72E23688FC200032A61 /* 337049__shinephoenixstormcrow__320655-rhodesmas-level-up-01.mp3 in Resources */ = {isa = PBXBuildFile; fileRef = FA1EA72323688FC200032A61 /* 337049__shinephoenixstormcrow__320655-rhodesmas-level-up-01.mp3 */; };
		FA1EA72F23688FC200032A61 /* 91926__tim-kahn__ding.wav in Resources */ = {isa = PBXBuildFile; fileRef = FA1EA72423688FC200032A61 /* 91926__tim-kahn__ding.wav */; };
		FA1EA73023688FC200032A61 /* 202029__hykenfreak__notification-chime.wav in Resources */ = {isa = PBXBuildFile; fileRef = FA1EA72523688FC200032A61 /* 202029__hykenfreak__notification-chime.wav */; };
		FA1EA73123688FC200032A61 /* 258193__kodack__beep-beep.wav in Resources */ = {isa = PBXBuildFile; fileRef = FA1EA72623688FC200032A61 /* 258193__kodack__beep-beep.wav */; };
		FA1EA73223688FC200032A61 /* 352661__foolboymedia__complete-chime.mp3 in Resources */ = {isa = PBXBuildFile; fileRef = FA1EA72723688FC200032A61 /* 352661__foolboymedia__complete-chime.mp3 */; };
		FA20114B1E6C0E820075CB59 /* EditButtonFunctionTableViewController.swift in Sources */ = {isa = PBXBuildFile; fileRef = FA20114A1E6C0E820075CB59 /* EditButtonFunctionTableViewController.swift */; };
		FA29E44A1E5C51DF002D3F7B /* ChatTableViewCell.swift in Sources */ = {isa = PBXBuildFile; fileRef = FA29E4491E5C51DF002D3F7B /* ChatTableViewCell.swift */; };
		FA3903AA1E617A2B0094B320 /* InputOptionsTableViewController.swift in Sources */ = {isa = PBXBuildFile; fileRef = FA3903A91E617A2B0094B320 /* InputOptionsTableViewController.swift */; };
		FA3A44B61E5B2B580029EFE8 /* Extensions.swift in Sources */ = {isa = PBXBuildFile; fileRef = FA3A44B51E5B2B580029EFE8 /* Extensions.swift */; };
		FA3D92211E6969B300BE8AF9 /* EditFunctionsTableViewController.swift in Sources */ = {isa = PBXBuildFile; fileRef = FA3D92201E6969B300BE8AF9 /* EditFunctionsTableViewController.swift */; };
		FA3D92231E6969CB00BE8AF9 /* Functions.swift in Sources */ = {isa = PBXBuildFile; fileRef = FA3D92221E6969CB00BE8AF9 /* Functions.swift */; };
		FA3DC5DC1E62E11800BE181D /* DisplayOptionsTableViewController.swift in Sources */ = {isa = PBXBuildFile; fileRef = FA3DC5DB1E62E11800BE181D /* DisplayOptionsTableViewController.swift */; };
		FA5EDEAB1DEAEB040090CECE /* AppDelegate.swift in Sources */ = {isa = PBXBuildFile; fileRef = FA5EDEAA1DEAEB030090CECE /* AppDelegate.swift */; };
		FA5EDEB01DEAEB060090CECE /* Main.storyboard in Resources */ = {isa = PBXBuildFile; fileRef = FA5EDEAE1DEAEB060090CECE /* Main.storyboard */; };
		FA5EDEB21DEAEB080090CECE /* Assets.xcassets in Resources */ = {isa = PBXBuildFile; fileRef = FA5EDEB11DEAEB080090CECE /* Assets.xcassets */; };
		FA5EDEB51DEAEB090090CECE /* LaunchScreen.storyboard in Resources */ = {isa = PBXBuildFile; fileRef = FA5EDEB31DEAEB090090CECE /* LaunchScreen.storyboard */; };
		FA5EDEBF1DEAEDBE0090CECE /* ScanTableViewController.swift in Sources */ = {isa = PBXBuildFile; fileRef = FA5EDEBE1DEAEDBE0090CECE /* ScanTableViewController.swift */; };
		FA5EDEC11DEAEDDB0090CECE /* SerialViewController.swift in Sources */ = {isa = PBXBuildFile; fileRef = FA5EDEC01DEAEDDB0090CECE /* SerialViewController.swift */; };
		FA5EDEC31DEAEE0A0090CECE /* BluetoothSerial.swift in Sources */ = {isa = PBXBuildFile; fileRef = FA5EDEC21DEAEE0A0090CECE /* BluetoothSerial.swift */; };
		FA6023261E7E89FA00D7CF11 /* SystemInfo.swift in Sources */ = {isa = PBXBuildFile; fileRef = FA6023251E7E89FA00D7CF11 /* SystemInfo.swift */; };
		FA6023281E7E98ED00D7CF11 /* RSSIIndicatorView.swift in Sources */ = {isa = PBXBuildFile; fileRef = FA6023271E7E98ED00D7CF11 /* RSSIIndicatorView.swift */; };
		FA688087209C534100C14FF0 /* Version.swift in Sources */ = {isa = PBXBuildFile; fileRef = FA688086209C534100C14FF0 /* Version.swift */; };
		FA6ECB0F2265DFA20039A145 /* AlertsTableViewController.swift in Sources */ = {isa = PBXBuildFile; fileRef = FA6ECB0E2265DFA20039A145 /* AlertsTableViewController.swift */; };
		FA6ECB112265DFAE0039A145 /* AlertDetailTableViewController.swift in Sources */ = {isa = PBXBuildFile; fileRef = FA6ECB102265DFAE0039A145 /* AlertDetailTableViewController.swift */; };
		FA8BD5BE23292CE200F5DEA1 /* AlertSoundsTableViewController.swift in Sources */ = {isa = PBXBuildFile; fileRef = FA8BD5BD23292CE200F5DEA1 /* AlertSoundsTableViewController.swift */; };
		FAA7563D1E8146EC00CD22BC /* RappleAIUIs.swift in Sources */ = {isa = PBXBuildFile; fileRef = FAA756391E8146EC00CD22BC /* RappleAIUIs.swift */; };
		FAA7563E1E8146EC00CD22BC /* RappleAIPrivate.swift in Sources */ = {isa = PBXBuildFile; fileRef = FAA7563A1E8146EC00CD22BC /* RappleAIPrivate.swift */; };
		FAA7563F1E8146EC00CD22BC /* RappleActivityIndicatorView.swift in Sources */ = {isa = PBXBuildFile; fileRef = FAA7563B1E8146EC00CD22BC /* RappleActivityIndicatorView.swift */; };
		FAA756401E8146EC00CD22BC /* RappleAIAction.swift in Sources */ = {isa = PBXBuildFile; fileRef = FAA7563C1E8146EC00CD22BC /* RappleAIAction.swift */; };
		FAB918B3224BCABD0077EA70 /* Alerts.swift in Sources */ = {isa = PBXBuildFile; fileRef = FAB918B2224BCABD0077EA70 /* Alerts.swift */; };
		FADCE5E41E6811C900E3B39E /* FunctionsViewController.swift in Sources */ = {isa = PBXBuildFile; fileRef = FADCE5E31E6811C900E3B39E /* FunctionsViewController.swift */; };
		FADCE5E61E681B8900E3B39E /* JSON.swift in Sources */ = {isa = PBXBuildFile; fileRef = FADCE5E51E681B8900E3B39E /* JSON.swift */; };
		FADCE5E81E681BF800E3B39E /* ConsoleViewController.swift in Sources */ = {isa = PBXBuildFile; fileRef = FADCE5E71E681BF800E3B39E /* ConsoleViewController.swift */; };
		FAF074101E8181DA0073C55F /* DeviceAnalysisTableViewController.swift in Sources */ = {isa = PBXBuildFile; fileRef = FAF0740F1E8181DA0073C55F /* DeviceAnalysisTableViewController.swift */; };
		FAF074121E8182000073C55F /* CharacteristicAnalysisTableViewController.swift in Sources */ = {isa = PBXBuildFile; fileRef = FAF074111E8182000073C55F /* CharacteristicAnalysisTableViewController.swift */; };
		FAF7F95F1E6D589D00E49E2A /* FormattedTextField.swift in Sources */ = {isa = PBXBuildFile; fileRef = FAF7F95E1E6D589D00E49E2A /* FormattedTextField.swift */; };
/* End PBXBuildFile section */

/* Begin PBXFileReference section */
		FA010F971E6030F000D759C3 /* Settings.swift */ = {isa = PBXFileReference; fileEncoding = 4; lastKnownFileType = sourcecode.swift; path = Settings.swift; sourceTree = "<group>"; };
		FA010F991E6031B300D759C3 /* SettingsTableViewController.swift */ = {isa = PBXFileReference; fileEncoding = 4; lastKnownFileType = sourcecode.swift; path = SettingsTableViewController.swift; sourceTree = "<group>"; };
		FA0F568D1FBB27C0008DCEA0 /* FunctionOptionsTableViewController.swift */ = {isa = PBXFileReference; lastKnownFileType = sourcecode.swift; path = FunctionOptionsTableViewController.swift; sourceTree = "<group>"; };
		FA0F568F1FBB2975008DCEA0 /* SelectionTableViewController.swift */ = {isa = PBXFileReference; lastKnownFileType = sourcecode.swift; path = SelectionTableViewController.swift; sourceTree = "<group>"; };
		FA1A9EAF1E72FD1C00F48B7F /* ColorSelectionCollectionViewController.swift */ = {isa = PBXFileReference; fileEncoding = 4; lastKnownFileType = sourcecode.swift; path = ColorSelectionCollectionViewController.swift; sourceTree = "<group>"; };
		FA1EA71E23688FC100032A61 /* 70299__kizilsungur__sonar.wav */ = {isa = PBXFileReference; lastKnownFileType = audio.wav; path = 70299__kizilsungur__sonar.wav; sourceTree = "<group>"; };
		FA1EA71F23688FC100032A61 /* 234524__foolboymedia__notification-up-louder.wav */ = {isa = PBXFileReference; lastKnownFileType = audio.wav; path = "234524__foolboymedia__notification-up-louder.wav"; sourceTree = "<group>"; };
		FA1EA72023688FC200032A61 /* 320181__dland__hint.wav */ = {isa = PBXFileReference; lastKnownFileType = audio.wav; path = 320181__dland__hint.wav; sourceTree = "<group>"; };
		FA1EA72123688FC200032A61 /* 80921__justinbw__buttonchime02up.wav */ = {isa = PBXFileReference; lastKnownFileType = audio.wav; path = 80921__justinbw__buttonchime02up.wav; sourceTree = "<group>"; };
		FA1EA72223688FC200032A61 /* 221359__melliug__newmessage.mp3 */ = {isa = PBXFileReference; lastKnownFileType = audio.mp3; path = 221359__melliug__newmessage.mp3; sourceTree = "<group>"; };
		FA1EA72323688FC200032A61 /* 337049__shinephoenixstormcrow__320655-rhodesmas-level-up-01.mp3 */ = {isa = PBXFileReference; lastKnownFileType = audio.mp3; path = "337049__shinephoenixstormcrow__320655-rhodesmas-level-up-01.mp3"; sourceTree = "<group>"; };
		FA1EA72423688FC200032A61 /* 91926__tim-kahn__ding.wav */ = {isa = PBXFileReference; lastKnownFileType = audio.wav; path = "91926__tim-kahn__ding.wav"; sourceTree = "<group>"; };
		FA1EA72523688FC200032A61 /* 202029__hykenfreak__notification-chime.wav */ = {isa = PBXFileReference; lastKnownFileType = audio.wav; path = "202029__hykenfreak__notification-chime.wav"; sourceTree = "<group>"; };
		FA1EA72623688FC200032A61 /* 258193__kodack__beep-beep.wav */ = {isa = PBXFileReference; lastKnownFileType = audio.wav; path = "258193__kodack__beep-beep.wav"; sourceTree = "<group>"; };
		FA1EA72723688FC200032A61 /* 352661__foolboymedia__complete-chime.mp3 */ = {isa = PBXFileReference; lastKnownFileType = audio.mp3; path = "352661__foolboymedia__complete-chime.mp3"; sourceTree = "<group>"; };
		FA20114A1E6C0E820075CB59 /* EditButtonFunctionTableViewController.swift */ = {isa = PBXFileReference; fileEncoding = 4; lastKnownFileType = sourcecode.swift; path = EditButtonFunctionTableViewController.swift; sourceTree = "<group>"; };
		FA29E4491E5C51DF002D3F7B /* ChatTableViewCell.swift */ = {isa = PBXFileReference; fileEncoding = 4; lastKnownFileType = sourcecode.swift; path = ChatTableViewCell.swift; sourceTree = "<group>"; };
		FA3903A91E617A2B0094B320 /* InputOptionsTableViewController.swift */ = {isa = PBXFileReference; fileEncoding = 4; lastKnownFileType = sourcecode.swift; path = InputOptionsTableViewController.swift; sourceTree = "<group>"; };
		FA3A44B51E5B2B580029EFE8 /* Extensions.swift */ = {isa = PBXFileReference; fileEncoding = 4; lastKnownFileType = sourcecode.swift; path = Extensions.swift; sourceTree = "<group>"; };
		FA3D92201E6969B300BE8AF9 /* EditFunctionsTableViewController.swift */ = {isa = PBXFileReference; fileEncoding = 4; lastKnownFileType = sourcecode.swift; path = EditFunctionsTableViewController.swift; sourceTree = "<group>"; };
		FA3D92221E6969CB00BE8AF9 /* Functions.swift */ = {isa = PBXFileReference; fileEncoding = 4; lastKnownFileType = sourcecode.swift; path = Functions.swift; sourceTree = "<group>"; };
		FA3DC5DB1E62E11800BE181D /* DisplayOptionsTableViewController.swift */ = {isa = PBXFileReference; fileEncoding = 4; lastKnownFileType = sourcecode.swift; path = DisplayOptionsTableViewController.swift; sourceTree = "<group>"; };
		FA535AA520A074E30051F4EC /* BluetoothSerialPro.entitlements */ = {isa = PBXFileReference; lastKnownFileType = text.plist.entitlements; path = BluetoothSerialPro.entitlements; sourceTree = "<group>"; };
		FA5EDEA71DEAEB030090CECE /* BluetoothSerialPro.app */ = {isa = PBXFileReference; explicitFileType = wrapper.application; includeInIndex = 0; path = BluetoothSerialPro.app; sourceTree = BUILT_PRODUCTS_DIR; };
		FA5EDEAA1DEAEB030090CECE /* AppDelegate.swift */ = {isa = PBXFileReference; lastKnownFileType = sourcecode.swift; path = AppDelegate.swift; sourceTree = "<group>"; };
		FA5EDEAF1DEAEB060090CECE /* Base */ = {isa = PBXFileReference; lastKnownFileType = file.storyboard; name = Base; path = Base.lproj/Main.storyboard; sourceTree = "<group>"; };
		FA5EDEB11DEAEB080090CECE /* Assets.xcassets */ = {isa = PBXFileReference; lastKnownFileType = folder.assetcatalog; path = Assets.xcassets; sourceTree = "<group>"; };
		FA5EDEB41DEAEB090090CECE /* Base */ = {isa = PBXFileReference; lastKnownFileType = file.storyboard; name = Base; path = Base.lproj/LaunchScreen.storyboard; sourceTree = "<group>"; };
		FA5EDEB61DEAEB0B0090CECE /* Info.plist */ = {isa = PBXFileReference; lastKnownFileType = text.plist.xml; path = Info.plist; sourceTree = "<group>"; };
		FA5EDEBE1DEAEDBE0090CECE /* ScanTableViewController.swift */ = {isa = PBXFileReference; fileEncoding = 4; lastKnownFileType = sourcecode.swift; path = ScanTableViewController.swift; sourceTree = "<group>"; };
		FA5EDEC01DEAEDDB0090CECE /* SerialViewController.swift */ = {isa = PBXFileReference; fileEncoding = 4; lastKnownFileType = sourcecode.swift; path = SerialViewController.swift; sourceTree = "<group>"; };
		FA5EDEC21DEAEE0A0090CECE /* BluetoothSerial.swift */ = {isa = PBXFileReference; fileEncoding = 4; lastKnownFileType = sourcecode.swift; path = BluetoothSerial.swift; sourceTree = "<group>"; };
		FA6023251E7E89FA00D7CF11 /* SystemInfo.swift */ = {isa = PBXFileReference; fileEncoding = 4; lastKnownFileType = sourcecode.swift; path = SystemInfo.swift; sourceTree = "<group>"; };
		FA6023271E7E98ED00D7CF11 /* RSSIIndicatorView.swift */ = {isa = PBXFileReference; fileEncoding = 4; lastKnownFileType = sourcecode.swift; path = RSSIIndicatorView.swift; sourceTree = "<group>"; };
		FA688086209C534100C14FF0 /* Version.swift */ = {isa = PBXFileReference; lastKnownFileType = sourcecode.swift; path = Version.swift; sourceTree = "<group>"; };
		FA6ECB0E2265DFA20039A145 /* AlertsTableViewController.swift */ = {isa = PBXFileReference; lastKnownFileType = sourcecode.swift; path = AlertsTableViewController.swift; sourceTree = "<group>"; };
		FA6ECB102265DFAE0039A145 /* AlertDetailTableViewController.swift */ = {isa = PBXFileReference; lastKnownFileType = sourcecode.swift; path = AlertDetailTableViewController.swift; sourceTree = "<group>"; };
		FA8BD5BD23292CE200F5DEA1 /* AlertSoundsTableViewController.swift */ = {isa = PBXFileReference; lastKnownFileType = sourcecode.swift; path = AlertSoundsTableViewController.swift; sourceTree = "<group>"; };
		FAA756391E8146EC00CD22BC /* RappleAIUIs.swift */ = {isa = PBXFileReference; fileEncoding = 4; lastKnownFileType = sourcecode.swift; path = RappleAIUIs.swift; sourceTree = "<group>"; };
		FAA7563A1E8146EC00CD22BC /* RappleAIPrivate.swift */ = {isa = PBXFileReference; fileEncoding = 4; lastKnownFileType = sourcecode.swift; path = RappleAIPrivate.swift; sourceTree = "<group>"; };
		FAA7563B1E8146EC00CD22BC /* RappleActivityIndicatorView.swift */ = {isa = PBXFileReference; fileEncoding = 4; lastKnownFileType = sourcecode.swift; path = RappleActivityIndicatorView.swift; sourceTree = "<group>"; };
		FAA7563C1E8146EC00CD22BC /* RappleAIAction.swift */ = {isa = PBXFileReference; fileEncoding = 4; lastKnownFileType = sourcecode.swift; path = RappleAIAction.swift; sourceTree = "<group>"; };
		FAB918B2224BCABD0077EA70 /* Alerts.swift */ = {isa = PBXFileReference; lastKnownFileType = sourcecode.swift; path = Alerts.swift; sourceTree = "<group>"; };
		FADCE5E31E6811C900E3B39E /* FunctionsViewController.swift */ = {isa = PBXFileReference; fileEncoding = 4; lastKnownFileType = sourcecode.swift; path = FunctionsViewController.swift; sourceTree = "<group>"; };
		FADCE5E51E681B8900E3B39E /* JSON.swift */ = {isa = PBXFileReference; fileEncoding = 4; lastKnownFileType = sourcecode.swift; path = JSON.swift; sourceTree = "<group>"; };
		FADCE5E71E681BF800E3B39E /* ConsoleViewController.swift */ = {isa = PBXFileReference; fileEncoding = 4; lastKnownFileType = sourcecode.swift; path = ConsoleViewController.swift; sourceTree = "<group>"; };
		FAF0740F1E8181DA0073C55F /* DeviceAnalysisTableViewController.swift */ = {isa = PBXFileReference; fileEncoding = 4; lastKnownFileType = sourcecode.swift; path = DeviceAnalysisTableViewController.swift; sourceTree = "<group>"; };
		FAF074111E8182000073C55F /* CharacteristicAnalysisTableViewController.swift */ = {isa = PBXFileReference; fileEncoding = 4; lastKnownFileType = sourcecode.swift; path = CharacteristicAnalysisTableViewController.swift; sourceTree = "<group>"; };
		FAF7F95E1E6D589D00E49E2A /* FormattedTextField.swift */ = {isa = PBXFileReference; fileEncoding = 4; lastKnownFileType = sourcecode.swift; path = FormattedTextField.swift; sourceTree = "<group>"; };
/* End PBXFileReference section */

/* Begin PBXFrameworksBuildPhase section */
		FA5EDEA41DEAEB030090CECE /* Frameworks */ = {
			isa = PBXFrameworksBuildPhase;
			buildActionMask = 2147483647;
			files = (
			);
			runOnlyForDeploymentPostprocessing = 0;
		};
/* End PBXFrameworksBuildPhase section */

/* Begin PBXGroup section */
		FA1EA71D23688F4E00032A61 /* Sounds */ = {
			isa = PBXGroup;
			children = (
				FA1EA71E23688FC100032A61 /* 70299__kizilsungur__sonar.wav */,
				FA1EA72123688FC200032A61 /* 80921__justinbw__buttonchime02up.wav */,
				FA1EA72423688FC200032A61 /* 91926__tim-kahn__ding.wav */,
				FA1EA72523688FC200032A61 /* 202029__hykenfreak__notification-chime.wav */,
				FA1EA72223688FC200032A61 /* 221359__melliug__newmessage.mp3 */,
				FA1EA71F23688FC100032A61 /* 234524__foolboymedia__notification-up-louder.wav */,
				FA1EA72623688FC200032A61 /* 258193__kodack__beep-beep.wav */,
				FA1EA72023688FC200032A61 /* 320181__dland__hint.wav */,
				FA1EA72323688FC200032A61 /* 337049__shinephoenixstormcrow__320655-rhodesmas-level-up-01.mp3 */,
				FA1EA72723688FC200032A61 /* 352661__foolboymedia__complete-chime.mp3 */,
			);
			path = Sounds;
			sourceTree = "<group>";
		};
		FA3903A61E61796C0094B320 /* Interface */ = {
			isa = PBXGroup;
			children = (
				FA5EDEAE1DEAEB060090CECE /* Main.storyboard */,
				FA5EDEBE1DEAEDBE0090CECE /* ScanTableViewController.swift */,
				FA5EDEC01DEAEDDB0090CECE /* SerialViewController.swift */,
				FADCE5E71E681BF800E3B39E /* ConsoleViewController.swift */,
				FADCE5E31E6811C900E3B39E /* FunctionsViewController.swift */,
				FA3903A81E6179990094B320 /* Components */,
				FAF074131E8182050073C55F /* Analysis */,
				FA3903A71E61798C0094B320 /* Configuration */,
			);
			name = Interface;
			sourceTree = "<group>";
		};
		FA3903A71E61798C0094B320 /* Configuration */ = {
			isa = PBXGroup;
			children = (
				FA010F991E6031B300D759C3 /* SettingsTableViewController.swift */,
				FA3903A91E617A2B0094B320 /* InputOptionsTableViewController.swift */,
				FA3DC5DB1E62E11800BE181D /* DisplayOptionsTableViewController.swift */,
				FA3D92201E6969B300BE8AF9 /* EditFunctionsTableViewController.swift */,
				FA0F568D1FBB27C0008DCEA0 /* FunctionOptionsTableViewController.swift */,
				FA20114A1E6C0E820075CB59 /* EditButtonFunctionTableViewController.swift */,
				FA1A9EAF1E72FD1C00F48B7F /* ColorSelectionCollectionViewController.swift */,
				FA6ECB0E2265DFA20039A145 /* AlertsTableViewController.swift */,
				FA6ECB102265DFAE0039A145 /* AlertDetailTableViewController.swift */,
				FA8BD5BD23292CE200F5DEA1 /* AlertSoundsTableViewController.swift */,
			);
			name = Configuration;
			sourceTree = "<group>";
		};
		FA3903A81E6179990094B320 /* Components */ = {
			isa = PBXGroup;
			children = (
				FA29E4491E5C51DF002D3F7B /* ChatTableViewCell.swift */,
				FAF7F95E1E6D589D00E49E2A /* FormattedTextField.swift */,
				FA0F568F1FBB2975008DCEA0 /* SelectionTableViewController.swift */,
				FAA756411E8146F200CD22BC /* ProgressHUD */,
			);
			name = Components;
			sourceTree = "<group>";
		};
		FA535AA620A074E80051F4EC /* Frameworks */ = {
			isa = PBXGroup;
			children = (
			);
			name = Frameworks;
			sourceTree = "<group>";
		};
		FA5EDE9E1DEAEB020090CECE = {
			isa = PBXGroup;
			children = (
				FA5EDEA91DEAEB030090CECE /* BluetoothSerialPro */,
				FA5EDEA81DEAEB030090CECE /* Products */,
				FA535AA620A074E80051F4EC /* Frameworks */,
			);
			sourceTree = "<group>";
		};
		FA5EDEA81DEAEB030090CECE /* Products */ = {
			isa = PBXGroup;
			children = (
				FA5EDEA71DEAEB030090CECE /* BluetoothSerialPro.app */,
			);
			name = Products;
			sourceTree = "<group>";
		};
		FA5EDEA91DEAEB030090CECE /* BluetoothSerialPro */ = {
			isa = PBXGroup;
			children = (
				FA535AA520A074E30051F4EC /* BluetoothSerialPro.entitlements */,
				FA5EDEAA1DEAEB030090CECE /* AppDelegate.swift */,
				FA3903A61E61796C0094B320 /* Interface */,
				FA5EDEC21DEAEE0A0090CECE /* BluetoothSerial.swift */,
				FA010F971E6030F000D759C3 /* Settings.swift */,
				FA3D92221E6969CB00BE8AF9 /* Functions.swift */,
				FAB918B2224BCABD0077EA70 /* Alerts.swift */,
				FADCE5E51E681B8900E3B39E /* JSON.swift */,
				FA3A44B51E5B2B580029EFE8 /* Extensions.swift */,
				FA6023251E7E89FA00D7CF11 /* SystemInfo.swift */,
				FA688086209C534100C14FF0 /* Version.swift */,
				FA6023271E7E98ED00D7CF11 /* RSSIIndicatorView.swift */,
				FA1EA71D23688F4E00032A61 /* Sounds */,
				FA5EDEB11DEAEB080090CECE /* Assets.xcassets */,
				FA5EDEB31DEAEB090090CECE /* LaunchScreen.storyboard */,
				FA5EDEB61DEAEB0B0090CECE /* Info.plist */,
			);
			path = BluetoothSerialPro;
			sourceTree = "<group>";
		};
		FAA756411E8146F200CD22BC /* ProgressHUD */ = {
			isa = PBXGroup;
			children = (
				FAA756391E8146EC00CD22BC /* RappleAIUIs.swift */,
				FAA7563C1E8146EC00CD22BC /* RappleAIAction.swift */,
				FAA7563A1E8146EC00CD22BC /* RappleAIPrivate.swift */,
				FAA7563B1E8146EC00CD22BC /* RappleActivityIndicatorView.swift */,
			);
			name = ProgressHUD;
			sourceTree = "<group>";
		};
		FAF074131E8182050073C55F /* Analysis */ = {
			isa = PBXGroup;
			children = (
				FAF0740F1E8181DA0073C55F /* DeviceAnalysisTableViewController.swift */,
				FAF074111E8182000073C55F /* CharacteristicAnalysisTableViewController.swift */,
			);
			name = Analysis;
			sourceTree = "<group>";
		};
/* End PBXGroup section */

/* Begin PBXNativeTarget section */
		FA5EDEA61DEAEB030090CECE /* BluetoothSerialPro */ = {
			isa = PBXNativeTarget;
			buildConfigurationList = FA5EDEB91DEAEB0B0090CECE /* Build configuration list for PBXNativeTarget "BluetoothSerialPro" */;
			buildPhases = (
				FA5EDEA31DEAEB030090CECE /* Sources */,
				FA5EDEA41DEAEB030090CECE /* Frameworks */,
				FA5EDEA51DEAEB030090CECE /* Resources */,
			);
			buildRules = (
			);
			dependencies = (
			);
			name = BluetoothSerialPro;
			productName = BluetoothSerialPro;
			productReference = FA5EDEA71DEAEB030090CECE /* BluetoothSerialPro.app */;
			productType = "com.apple.product-type.application";
		};
/* End PBXNativeTarget section */

/* Begin PBXProject section */
		FA5EDE9F1DEAEB020090CECE /* Project object */ = {
			isa = PBXProject;
			attributes = {
				LastSwiftUpdateCheck = 0810;
				LastUpgradeCheck = 0930;
				ORGANIZATIONNAME = Hangar42;
				TargetAttributes = {
					FA5EDEA61DEAEB030090CECE = {
						CreatedOnToolsVersion = 8.1;
						DevelopmentTeam = B22Z7NLA6E;
						LastSwiftMigration = 0900;
						ProvisioningStyle = Automatic;
						SystemCapabilities = {
							com.apple.Push = {
								enabled = 0;
							};
							com.apple.iCloud = {
								enabled = 1;
							};
						};
					};
				};
			};
			buildConfigurationList = FA5EDEA21DEAEB020090CECE /* Build configuration list for PBXProject "BluetoothSerialPro" */;
			compatibilityVersion = "Xcode 3.2";
			developmentRegion = English;
			hasScannedForEncodings = 0;
			knownRegions = (
				English,
				en,
				Base,
			);
			mainGroup = FA5EDE9E1DEAEB020090CECE;
			productRefGroup = FA5EDEA81DEAEB030090CECE /* Products */;
			projectDirPath = "";
			projectRoot = "";
			targets = (
				FA5EDEA61DEAEB030090CECE /* BluetoothSerialPro */,
			);
		};
/* End PBXProject section */

/* Begin PBXResourcesBuildPhase section */
		FA5EDEA51DEAEB030090CECE /* Resources */ = {
			isa = PBXResourcesBuildPhase;
			buildActionMask = 2147483647;
			files = (
				FA5EDEB51DEAEB090090CECE /* LaunchScreen.storyboard in Resources */,
				FA1EA72F23688FC200032A61 /* 91926__tim-kahn__ding.wav in Resources */,
				FA1EA72C23688FC200032A61 /* 80921__justinbw__buttonchime02up.wav in Resources */,
				FA1EA73223688FC200032A61 /* 352661__foolboymedia__complete-chime.mp3 in Resources */,
				FA1EA73123688FC200032A61 /* 258193__kodack__beep-beep.wav in Resources */,
				FA5EDEB21DEAEB080090CECE /* Assets.xcassets in Resources */,
				FA1EA72923688FC200032A61 /* 70299__kizilsungur__sonar.wav in Resources */,
				FA5EDEB01DEAEB060090CECE /* Main.storyboard in Resources */,
				FA1EA72E23688FC200032A61 /* 337049__shinephoenixstormcrow__320655-rhodesmas-level-up-01.mp3 in Resources */,
				FA1EA72D23688FC200032A61 /* 221359__melliug__newmessage.mp3 in Resources */,
				FA1EA72B23688FC200032A61 /* 320181__dland__hint.wav in Resources */,
				FA1EA72A23688FC200032A61 /* 234524__foolboymedia__notification-up-louder.wav in Resources */,
				FA1EA73023688FC200032A61 /* 202029__hykenfreak__notification-chime.wav in Resources */,
			);
			runOnlyForDeploymentPostprocessing = 0;
		};
/* End PBXResourcesBuildPhase section */

/* Begin PBXSourcesBuildPhase section */
		FA5EDEA31DEAEB030090CECE /* Sources */ = {
			isa = PBXSourcesBuildPhase;
			buildActionMask = 2147483647;
			files = (
				FAF7F95F1E6D589D00E49E2A /* FormattedTextField.swift in Sources */,
				FA6ECB112265DFAE0039A145 /* AlertDetailTableViewController.swift in Sources */,
				FA5EDEC11DEAEDDB0090CECE /* SerialViewController.swift in Sources */,
				FAF074121E8182000073C55F /* CharacteristicAnalysisTableViewController.swift in Sources */,
				FADCE5E61E681B8900E3B39E /* JSON.swift in Sources */,
				FAA7563E1E8146EC00CD22BC /* RappleAIPrivate.swift in Sources */,
				FA20114B1E6C0E820075CB59 /* EditButtonFunctionTableViewController.swift in Sources */,
				FA0F56901FBB2975008DCEA0 /* SelectionTableViewController.swift in Sources */,
				FA3903AA1E617A2B0094B320 /* InputOptionsTableViewController.swift in Sources */,
				FA3D92231E6969CB00BE8AF9 /* Functions.swift in Sources */,
				FA0F568E1FBB27C0008DCEA0 /* FunctionOptionsTableViewController.swift in Sources */,
				FAA7563F1E8146EC00CD22BC /* RappleActivityIndicatorView.swift in Sources */,
				FADCE5E41E6811C900E3B39E /* FunctionsViewController.swift in Sources */,
				FA1A9EB01E72FD1C00F48B7F /* ColorSelectionCollectionViewController.swift in Sources */,
				FA6023261E7E89FA00D7CF11 /* SystemInfo.swift in Sources */,
				FA8BD5BE23292CE200F5DEA1 /* AlertSoundsTableViewController.swift in Sources */,
				FA3D92211E6969B300BE8AF9 /* EditFunctionsTableViewController.swift in Sources */,
				FADCE5E81E681BF800E3B39E /* ConsoleViewController.swift in Sources */,
				FAB918B3224BCABD0077EA70 /* Alerts.swift in Sources */,
				FA688087209C534100C14FF0 /* Version.swift in Sources */,
				FA3A44B61E5B2B580029EFE8 /* Extensions.swift in Sources */,
				FA010F981E6030F000D759C3 /* Settings.swift in Sources */,
				FA5EDEBF1DEAEDBE0090CECE /* ScanTableViewController.swift in Sources */,
				FA5EDEAB1DEAEB040090CECE /* AppDelegate.swift in Sources */,
				FA29E44A1E5C51DF002D3F7B /* ChatTableViewCell.swift in Sources */,
				FAA7563D1E8146EC00CD22BC /* RappleAIUIs.swift in Sources */,
				FA6023281E7E98ED00D7CF11 /* RSSIIndicatorView.swift in Sources */,
				FA6ECB0F2265DFA20039A145 /* AlertsTableViewController.swift in Sources */,
				FA3DC5DC1E62E11800BE181D /* DisplayOptionsTableViewController.swift in Sources */,
				FA5EDEC31DEAEE0A0090CECE /* BluetoothSerial.swift in Sources */,
				FA010F9A1E6031B300D759C3 /* SettingsTableViewController.swift in Sources */,
				FAA756401E8146EC00CD22BC /* RappleAIAction.swift in Sources */,
				FAF074101E8181DA0073C55F /* DeviceAnalysisTableViewController.swift in Sources */,
			);
			runOnlyForDeploymentPostprocessing = 0;
		};
/* End PBXSourcesBuildPhase section */

/* Begin PBXVariantGroup section */
		FA5EDEAE1DEAEB060090CECE /* Main.storyboard */ = {
			isa = PBXVariantGroup;
			children = (
				FA5EDEAF1DEAEB060090CECE /* Base */,
			);
			name = Main.storyboard;
			sourceTree = "<group>";
		};
		FA5EDEB31DEAEB090090CECE /* LaunchScreen.storyboard */ = {
			isa = PBXVariantGroup;
			children = (
				FA5EDEB41DEAEB090090CECE /* Base */,
			);
			name = LaunchScreen.storyboard;
			sourceTree = "<group>";
		};
/* End PBXVariantGroup section */

/* Begin XCBuildConfiguration section */
		FA5EDEB71DEAEB0B0090CECE /* Debug */ = {
			isa = XCBuildConfiguration;
			buildSettings = {
				ALWAYS_SEARCH_USER_PATHS = NO;
				CLANG_ANALYZER_NONNULL = YES;
				CLANG_CXX_LANGUAGE_STANDARD = "gnu++0x";
				CLANG_CXX_LIBRARY = "libc++";
				CLANG_ENABLE_MODULES = YES;
				CLANG_ENABLE_OBJC_ARC = YES;
				CLANG_WARN_BLOCK_CAPTURE_AUTORELEASING = YES;
				CLANG_WARN_BOOL_CONVERSION = YES;
				CLANG_WARN_COMMA = YES;
				CLANG_WARN_CONSTANT_CONVERSION = YES;
				CLANG_WARN_DEPRECATED_OBJC_IMPLEMENTATIONS = YES;
				CLANG_WARN_DIRECT_OBJC_ISA_USAGE = YES_ERROR;
				CLANG_WARN_DOCUMENTATION_COMMENTS = YES;
				CLANG_WARN_EMPTY_BODY = YES;
				CLANG_WARN_ENUM_CONVERSION = YES;
				CLANG_WARN_INFINITE_RECURSION = YES;
				CLANG_WARN_INT_CONVERSION = YES;
				CLANG_WARN_NON_LITERAL_NULL_CONVERSION = YES;
				CLANG_WARN_OBJC_IMPLICIT_RETAIN_SELF = YES;
				CLANG_WARN_OBJC_LITERAL_CONVERSION = YES;
				CLANG_WARN_OBJC_ROOT_CLASS = YES_ERROR;
				CLANG_WARN_RANGE_LOOP_ANALYSIS = YES;
				CLANG_WARN_STRICT_PROTOTYPES = YES;
				CLANG_WARN_SUSPICIOUS_MOVE = YES;
				CLANG_WARN_SUSPICIOUS_MOVES = YES;
				CLANG_WARN_UNREACHABLE_CODE = YES;
				CLANG_WARN__DUPLICATE_METHOD_MATCH = YES;
				"CODE_SIGN_IDENTITY[sdk=iphoneos*]" = "iPhone Developer";
				COPY_PHASE_STRIP = NO;
				DEBUG_INFORMATION_FORMAT = dwarf;
				ENABLE_STRICT_OBJC_MSGSEND = YES;
				ENABLE_TESTABILITY = YES;
				GCC_C_LANGUAGE_STANDARD = gnu99;
				GCC_DYNAMIC_NO_PIC = NO;
				GCC_NO_COMMON_BLOCKS = YES;
				GCC_OPTIMIZATION_LEVEL = 0;
				GCC_PREPROCESSOR_DEFINITIONS = (
					"DEBUG=1",
					"$(inherited)",
				);
				GCC_WARN_64_TO_32_BIT_CONVERSION = YES;
				GCC_WARN_ABOUT_RETURN_TYPE = YES_ERROR;
				GCC_WARN_UNDECLARED_SELECTOR = YES;
				GCC_WARN_UNINITIALIZED_AUTOS = YES_AGGRESSIVE;
				GCC_WARN_UNUSED_FUNCTION = YES;
				GCC_WARN_UNUSED_VARIABLE = YES;
				IPHONEOS_DEPLOYMENT_TARGET = 10.1;
				MTL_ENABLE_DEBUG_INFO = YES;
				ONLY_ACTIVE_ARCH = YES;
				SDKROOT = iphoneos;
				SWIFT_ACTIVE_COMPILATION_CONDITIONS = DEBUG;
				SWIFT_OPTIMIZATION_LEVEL = "-Onone";
				SWIFT_SWIFT3_OBJC_INFERENCE = Default;
				SWIFT_VERSION = 4.0;
				TARGETED_DEVICE_FAMILY = "1,2";
			};
			name = Debug;
		};
		FA5EDEB81DEAEB0B0090CECE /* Release */ = {
			isa = XCBuildConfiguration;
			buildSettings = {
				ALWAYS_SEARCH_USER_PATHS = NO;
				CLANG_ANALYZER_NONNULL = YES;
				CLANG_CXX_LANGUAGE_STANDARD = "gnu++0x";
				CLANG_CXX_LIBRARY = "libc++";
				CLANG_ENABLE_MODULES = YES;
				CLANG_ENABLE_OBJC_ARC = YES;
				CLANG_WARN_BLOCK_CAPTURE_AUTORELEASING = YES;
				CLANG_WARN_BOOL_CONVERSION = YES;
				CLANG_WARN_COMMA = YES;
				CLANG_WARN_CONSTANT_CONVERSION = YES;
				CLANG_WARN_DEPRECATED_OBJC_IMPLEMENTATIONS = YES;
				CLANG_WARN_DIRECT_OBJC_ISA_USAGE = YES_ERROR;
				CLANG_WARN_DOCUMENTATION_COMMENTS = YES;
				CLANG_WARN_EMPTY_BODY = YES;
				CLANG_WARN_ENUM_CONVERSION = YES;
				CLANG_WARN_INFINITE_RECURSION = YES;
				CLANG_WARN_INT_CONVERSION = YES;
				CLANG_WARN_NON_LITERAL_NULL_CONVERSION = YES;
				CLANG_WARN_OBJC_IMPLICIT_RETAIN_SELF = YES;
				CLANG_WARN_OBJC_LITERAL_CONVERSION = YES;
				CLANG_WARN_OBJC_ROOT_CLASS = YES_ERROR;
				CLANG_WARN_RANGE_LOOP_ANALYSIS = YES;
				CLANG_WARN_STRICT_PROTOTYPES = YES;
				CLANG_WARN_SUSPICIOUS_MOVE = YES;
				CLANG_WARN_SUSPICIOUS_MOVES = YES;
				CLANG_WARN_UNREACHABLE_CODE = YES;
				CLANG_WARN__DUPLICATE_METHOD_MATCH = YES;
				"CODE_SIGN_IDENTITY[sdk=iphoneos*]" = "iPhone Developer";
				COPY_PHASE_STRIP = NO;
				DEBUG_INFORMATION_FORMAT = "dwarf-with-dsym";
				ENABLE_NS_ASSERTIONS = NO;
				ENABLE_STRICT_OBJC_MSGSEND = YES;
				GCC_C_LANGUAGE_STANDARD = gnu99;
				GCC_NO_COMMON_BLOCKS = YES;
				GCC_WARN_64_TO_32_BIT_CONVERSION = YES;
				GCC_WARN_ABOUT_RETURN_TYPE = YES_ERROR;
				GCC_WARN_UNDECLARED_SELECTOR = YES;
				GCC_WARN_UNINITIALIZED_AUTOS = YES_AGGRESSIVE;
				GCC_WARN_UNUSED_FUNCTION = YES;
				GCC_WARN_UNUSED_VARIABLE = YES;
				IPHONEOS_DEPLOYMENT_TARGET = 10.1;
				MTL_ENABLE_DEBUG_INFO = NO;
				SDKROOT = iphoneos;
				SWIFT_OPTIMIZATION_LEVEL = "-Owholemodule";
				SWIFT_SWIFT3_OBJC_INFERENCE = Default;
				SWIFT_VERSION = 4.0;
				TARGETED_DEVICE_FAMILY = "1,2";
				VALIDATE_PRODUCT = YES;
			};
			name = Release;
		};
		FA5EDEBA1DEAEB0B0090CECE /* Debug */ = {
			isa = XCBuildConfiguration;
			buildSettings = {
				ASSETCATALOG_COMPILER_APPICON_NAME = AppIcon;
				CODE_SIGN_ENTITLEMENTS = BluetoothSerialPro/BluetoothSerialPro.entitlements;
				DEVELOPMENT_TEAM = B22Z7NLA6E;
				INFOPLIST_FILE = BluetoothSerialPro/Info.plist;
				IPHONEOS_DEPLOYMENT_TARGET = 9.3;
				LD_RUNPATH_SEARCH_PATHS = "$(inherited) @executable_path/Frameworks";
				PRODUCT_BUNDLE_IDENTIFIER = nl.hangar42.bluetoothserialpro;
				PRODUCT_NAME = "$(TARGET_NAME)";
				SWIFT_SWIFT3_OBJC_INFERENCE = Default;
				SWIFT_VERSION = 4.0;
			};
			name = Debug;
		};
		FA5EDEBB1DEAEB0B0090CECE /* Release */ = {
			isa = XCBuildConfiguration;
			buildSettings = {
				ASSETCATALOG_COMPILER_APPICON_NAME = AppIcon;
				CODE_SIGN_ENTITLEMENTS = BluetoothSerialPro/BluetoothSerialPro.entitlements;
				DEVELOPMENT_TEAM = B22Z7NLA6E;
				INFOPLIST_FILE = BluetoothSerialPro/Info.plist;
				IPHONEOS_DEPLOYMENT_TARGET = 9.3;
				LD_RUNPATH_SEARCH_PATHS = "$(inherited) @executable_path/Frameworks";
				PRODUCT_BUNDLE_IDENTIFIER = nl.hangar42.bluetoothserialpro;
				PRODUCT_NAME = "$(TARGET_NAME)";
				SWIFT_SWIFT3_OBJC_INFERENCE = Default;
				SWIFT_VERSION = 4.0;
			};
			name = Release;
		};
/* End XCBuildConfiguration section */

/* Begin XCConfigurationList section */
		FA5EDEA21DEAEB020090CECE /* Build configuration list for PBXProject "BluetoothSerialPro" */ = {
			isa = XCConfigurationList;
			buildConfigurations = (
				FA5EDEB71DEAEB0B0090CECE /* Debug */,
				FA5EDEB81DEAEB0B0090CECE /* Release */,
			);
			defaultConfigurationIsVisible = 0;
			defaultConfigurationName = Release;
		};
		FA5EDEB91DEAEB0B0090CECE /* Build configuration list for PBXNativeTarget "BluetoothSerialPro" */ = {
			isa = XCConfigurationList;
			buildConfigurations = (
				FA5EDEBA1DEAEB0B0090CECE /* Debug */,
				FA5EDEBB1DEAEB0B0090CECE /* Release */,
			);
			defaultConfigurationIsVisible = 0;
			defaultConfigurationName = Release;
		};
/* End XCConfigurationList section */
	};
	rootObject = FA5EDE9F1DEAEB020090CECE /* Project object */;
}
